{
  "requires": true,
  "lockfileVersion": 1,
  "dependencies": {
    "atropos": {
      "version": "1.0.1",
      "resolved": "https://registry.npmjs.org/atropos/-/atropos-1.0.1.tgz",
      "integrity": "sha512-MJwmKQ6OOM5Sbf8aEt2LasIXxKwuknQtaAplrlVcUlmGH63V+dAdQVGOPbgYJlhX74LgSifa0kbLvc6jyPLegg=="
    }
  }
}
